
Microsoft Visual Studio Solution File, Format Version 12.00
# Visual Studio Version 17
VisualStudioVersion = 17.13.35828.75 d17.13
MinimumVisualStudioVersion = 10.0.40219.1
Project("{FAE04EC0-301F-11D3-BF4B-00C04F79EFBC}") = "FooBarQix", "FooBarQix\FooBarQix.csproj", "{E49A9F02-26FC-4D4F-B5FD-82AE060EBA24}"
EndProject
Project("{FAE04EC0-301F-11D3-BF4B-00C04F79EFBC}") = "FooBarQix.Tests", "FooBarQix.Tests\FooBarQix.Tests.csproj", "{B2F097A7-6ECF-41B4-AEDA-1886BF315A17}"
EndProject
Global
	GlobalSection(SolutionConfigurationPlatforms) = preSolution
		Debug|Any CPU = Debug|Any CPU
		Release|Any CPU = Release|Any CPU
	EndGlobalSection
	GlobalSection(ProjectConfigurationPlatforms) = postSolution
		{E49A9F02-26FC-4D4F-B5FD-82AE060EBA24}.Debug|Any CPU.ActiveCfg = Debug|Any CPU
		{E49A9F02-26FC-4D4F-B5FD-82AE060EBA24}.Debug|Any CPU.Build.0 = Debug|Any CPU
		{E49A9F02-26FC-4D4F-B5FD-82AE060EBA24}.Release|Any CPU.ActiveCfg = Release|Any CPU
		{E49A9F02-26FC-4D4F-B5FD-82AE060EBA24}.Release|Any CPU.Build.0 = Release|Any CPU
		{B2F097A7-6ECF-41B4-AEDA-1886BF315A17}.Debug|Any CPU.ActiveCfg = Debug|Any CPU
		{B2F097A7-6ECF-41B4-AEDA-1886BF315A17}.Debug|Any CPU.Build.0 = Debug|Any CPU
		{B2F097A7-6ECF-41B4-AEDA-1886BF315A17}.Release|Any CPU.ActiveCfg = Release|Any CPU
		{B2F097A7-6ECF-41B4-AEDA-1886BF315A17}.Release|Any CPU.Build.0 = Release|Any CPU
	EndGlobalSection
	GlobalSection(SolutionProperties) = preSolution
		HideSolutionNode = FALSE
	EndGlobalSection
	GlobalSection(ExtensibilityGlobals) = postSolution
		SolutionGuid = {855D0C95-4EF7-4E82-9FF9-A1BBCDB01F69}
	EndGlobalSection
EndGlobal
